// !$*UTF8*$!
{
	archiveVersion = 1;
	classes = {
	};
	objectVersion = 56;
	objects = {

/* Begin PBXBuildFile section */
		BF01 /* TradePlatformApp.swift in Sources */ = {isa = PBXBuildFile; fileRef = FR01 /* TradePlatformApp.swift */; };
		BF02 /* Models.swift in Sources */ = {isa = PBXBuildFile; fileRef = FR02 /* Models.swift */; };
		BF03 /* KeychainService.swift in Sources */ = {isa = PBXBuildFile; fileRef = FR03 /* KeychainService.swift */; };
		BF04 /* AppConfiguration.swift in Sources */ = {isa = PBXBuildFile; fileRef = FR04 /* AppConfiguration.swift */; };
		BF05 /* SecureAPIClient.swift in Sources */ = {isa = PBXBuildFile; fileRef = FR05 /* SecureAPIClient.swift */; };
		BF06 /* RealtimeQuoteService.swift in Sources */ = {isa = PBXBuildFile; fileRef = FR06 /* RealtimeQuoteService.swift */; };
		BF07 /* TradingEngine.swift in Sources */ = {isa = PBXBuildFile; fileRef = FR07 /* TradingEngine.swift */; };
		BF08 /* RootTabView.swift in Sources */ = {isa = PBXBuildFile; fileRef = FR08 /* RootTabView.swift */; };
		BF09 /* MarketsView.swift in Sources */ = {isa = PBXBuildFile; fileRef = FR09 /* MarketsView.swift */; };
		BF0A /* TradeSheet.swift in Sources */ = {isa = PBXBuildFile; fileRef = FR0A /* TradeSheet.swift */; };
		BF0B /* PortfolioView.swift in Sources */ = {isa = PBXBuildFile; fileRef = FR0B /* PortfolioView.swift */; };
		BF0C /* OrdersView.swift in Sources */ = {isa = PBXBuildFile; fileRef = FR0C /* OrdersView.swift */; };
		BF0D /* SettingsView.swift in Sources */ = {isa = PBXBuildFile; fileRef = FR0D /* SettingsView.swift */; };
		BF0E /* Assets.xcassets in Resources */ = {isa = PBXBuildFile; fileRef = FR0E /* Assets.xcassets */; };
/* End PBXBuildFile section */

/* Begin PBXFileReference section */
		FR00 /* TradePlatform.app */ = {isa = PBXFileReference; explicitFileType = wrapper.application; includeInIndex = 0; path = TradePlatform.app; sourceTree = BUILT_PRODUCTS_DIR; };
		FR01 /* TradePlatformApp.swift */ = {isa = PBXFileReference; lastKnownFileType = sourcecode.swift; path = TradePlatformApp.swift; sourceTree = "<group>"; };
		FR02 /* Models.swift */ = {isa = PBXFileReference; lastKnownFileType = sourcecode.swift; path = Models.swift; sourceTree = "<group>"; };
		FR03 /* KeychainService.swift */ = {isa = PBXFileReference; lastKnownFileType = sourcecode.swift; path = KeychainService.swift; sourceTree = "<group>"; };
		FR04 /* AppConfiguration.swift */ = {isa = PBXFileReference; lastKnownFileType = sourcecode.swift; path = AppConfiguration.swift; sourceTree = "<group>"; };
		FR05 /* SecureAPIClient.swift */ = {isa = PBXFileReference; lastKnownFileType = sourcecode.swift; path = SecureAPIClient.swift; sourceTree = "<group>"; };
		FR06 /* RealtimeQuoteService.swift */ = {isa = PBXFileReference; lastKnownFileType = sourcecode.swift; path = RealtimeQuoteService.swift; sourceTree = "<group>"; };
		FR07 /* TradingEngine.swift */ = {isa = PBXFileReference; lastKnownFileType = sourcecode.swift; path = TradingEngine.swift; sourceTree = "<group>"; };
		FR08 /* RootTabView.swift */ = {isa = PBXFileReference; lastKnownFileType = sourcecode.swift; path = RootTabView.swift; sourceTree = "<group>"; };
		FR09 /* MarketsView.swift */ = {isa = PBXFileReference; lastKnownFileType = sourcecode.swift; path = MarketsView.swift; sourceTree = "<group>"; };
		FR0A /* TradeSheet.swift */ = {isa = PBXFileReference; lastKnownFileType = sourcecode.swift; path = TradeSheet.swift; sourceTree = "<group>"; };
		FR0B /* PortfolioView.swift */ = {isa = PBXFileReference; lastKnownFileType = sourcecode.swift; path = PortfolioView.swift; sourceTree = "<group>"; };
		FR0C /* OrdersView.swift */ = {isa = PBXFileReference; lastKnownFileType = sourcecode.swift; path = OrdersView.swift; sourceTree = "<group>"; };
		FR0D /* SettingsView.swift */ = {isa = PBXFileReference; lastKnownFileType = sourcecode.swift; path = SettingsView.swift; sourceTree = "<group>"; };
		FR0E /* Assets.xcassets */ = {isa = PBXFileReference; lastKnownFileType = folder.assetcatalog; path = Assets.xcassets; sourceTree = "<group>"; };
		FR0F /* Info.plist */ = {isa = PBXFileReference; lastKnownFileType = text.plist.xml; path = Info.plist; sourceTree = "<group>"; };
/* End PBXFileReference section */

/* Begin PBXFrameworksBuildPhase section */
		FWK1 /* Frameworks */ = {
			isa = PBXFrameworksBuildPhase;
			buildActionMask = 2147483647;
			files = (
			);
			runOnlyForDeploymentPostprocessing = 0;
		};
/* End PBXFrameworksBuildPhase section */

/* Begin PBXGroup section */
		GRP0 = {
			isa = PBXGroup;
			children = (
				GRP1 /* TradePlatform */,
				GRP2 /* Products */,
			);
			sourceTree = "<group>";
		};
		GRP1 /* TradePlatform */ = {
			isa = PBXGroup;
			children = (
				FR01,
				FR02,
				FR03,
				FR04,
				FR05,
				FR06,
				FR07,
				FR08,
				FR09,
				FR0A,
				FR0B,
				FR0C,
				FR0D,
				FR0E,
				FR0F,
			);
			path = TradePlatform;
			sourceTree = "<group>";
		};
		GRP2 /* Products */ = {
			isa = PBXGroup;
			children = (
				FR00 /* TradePlatform.app */,
			);
			name = Products;
			sourceTree = "<group>";
		};
/* End PBXGroup section */

/* Begin PBXNativeTarget section */
		TGT1 /* TradePlatform */ = {
			isa = PBXNativeTarget;
			buildConfigurationList = CFG3 /* Build configuration list for PBXNativeTarget "TradePlatform" */;
			buildPhases = (
				SRC1 /* Sources */,
				FWK1 /* Frameworks */,
				RES1 /* Resources */,
			);
			buildRules = (
			);
			dependencies = (
			);
			name = TradePlatform;
			productName = TradePlatform;
			productReference = FR00 /* TradePlatform.app */;
			productType = "com.apple.product-type.application";
		};
/* End PBXNativeTarget section */

/* Begin PBXProject section */
		PRJ1 /* Project object */ = {
			isa = PBXProject;
			attributes = {
				BuildIndependentTargetsInParallel = 1;
				LastSwiftUpdateCheck = 1500;
				LastUpgradeCheck = 1500;
				TargetAttributes = {
					TGT1 = {
						CreatedOnToolsVersion = 15.0;
					};
				};
			};
			buildConfigurationList = CFG1 /* Build configuration list for PBXProject "TradePlatform" */;
			compatibilityVersion = "Xcode 14.0";
			developmentRegion = en;
			hasScannedForEncodings = 0;
			knownRegions = (
				en,
				Base,
			);
			mainGroup = GRP0;
			productRefGroup = GRP2 /* Products */;
			projectDirPath = "";
			projectRoot = "";
			targets = (
				TGT1 /* TradePlatform */,
			);
		};
/* End PBXProject section */

/* Begin PBXResourcesBuildPhase section */
		RES1 /* Resources */ = {
			isa = PBXResourcesBuildPhase;
			buildActionMask = 2147483647;
			files = (
				BF0E /* Assets.xcassets in Resources */,
			);
			runOnlyForDeploymentPostprocessing = 0;
		};
/* End PBXResourcesBuildPhase section */

/* Begin PBXSourcesBuildPhase section */
		SRC1 /* Sources */ = {
			isa = PBXSourcesBuildPhase;
			buildActionMask = 2147483647;
			files = (
				BF01,
				BF02,
				BF03,
				BF04,
				BF05,
				BF06,
				BF07,
				BF08,
				BF09,
				BF0A,
				BF0B,
				BF0C,
				BF0D,
			);
			runOnlyForDeploymentPostprocessing = 0;
		};
/* End PBXSourcesBuildPhase section */

/* Begin XCBuildConfiguration section */
		CFGD1 /* Debug */ = {
			isa = XCBuildConfiguration;
			buildSettings = {
				ALWAYS_SEARCH_USER_PATHS = NO;
				ASSETCATALOG_COMPILER_GENERATE_SWIFT_ASSET_SYMBOL_EXTENSIONS = YES;
				CLANG_ANALYZER_NONNULL = YES;
				CLANG_ENABLE_MODULES = YES;
				CLANG_ENABLE_OBJC_ARC = YES;
				COPY_PHASE_STRIP = NO;
				DEBUG_INFORMATION_FORMAT = dwarf;
				ENABLE_STRICT_OBJC_MSGSEND = YES;
				ENABLE_TESTABILITY = YES;
				GCC_DYNAMIC_NO_PIC = NO;
				GCC_OPTIMIZATION_LEVEL = 0;
				GCC_PREPROCESSOR_DEFINITIONS = (
					"DEBUG=1",
					"$(inherited)",
				);
				IPHONEOS_DEPLOYMENT_TARGET = 17.0;
				MTL_ENABLE_DEBUG_INFO = INCLUDE_SOURCE;
				ONLY_ACTIVE_ARCH = YES;
				SDKROOT = iphoneos;
				SWIFT_ACTIVE_COMPILATION_CONDITIONS = "DEBUG $(inherited)";
				SWIFT_OPTIMIZATION_LEVEL = "-Onone";
				SWIFT_VERSION = 5.0;
			};
			name = Debug;
		};
		CFGR1 /* Release */ = {
			isa = XCBuildConfiguration;
			buildSettings = {
				ALWAYS_SEARCH_USER_PATHS = NO;
				ASSETCATALOG_COMPILER_GENERATE_SWIFT_ASSET_SYMBOL_EXTENSIONS = YES;
				CLANG_ANALYZER_NONNULL = YES;
				CLANG_ENABLE_MODULES = YES;
				CLANG_ENABLE_OBJC_ARC = YES;
				COPY_PHASE_STRIP = NO;
				DEBUG_INFORMATION_FORMAT = "dwarf-with-dsym";
				ENABLE_NS_ASSERTIONS = NO;
				ENABLE_STRICT_OBJC_MSGSEND = YES;
				GCC_OPTIMIZATION_LEVEL = s;
				IPHONEOS_DEPLOYMENT_TARGET = 17.0;
				MTL_ENABLE_DEBUG_INFO = NO;
				SDKROOT = iphoneos;
				SWIFT_COMPILATION_MODE = wholemodule;
				SWIFT_VERSION = 5.0;
				VALIDATE_PRODUCT = YES;
			};
			name = Release;
		};
		CFGD2 /* Debug */ = {
			isa = XCBuildConfiguration;
			buildSettings = {
				ASSETCATALOG_COMPILER_APPICON_NAME = AppIcon;
				CODE_SIGN_STYLE = Automatic;
				CURRENT_PROJECT_VERSION = 1;
				DEVELOPMENT_TEAM = "";
				GENERATE_INFOPLIST_FILE = NO;
				INFOPLIST_FILE = TradePlatform/Info.plist;
				INFOPLIST_KEY_UIApplicationSceneManifest_Generation = YES;
				INFOPLIST_KEY_UILaunchScreen_Generation = YES;
				LD_RUNPATH_SEARCH_PATHS = (
					"$(inherited)",
					"@executable_path/Frameworks",
				);
				MARKETING_VERSION = 1.0;
				PRODUCT_BUNDLE_IDENTIFIER = com.investment.tradeplatform;
				PRODUCT_NAME = "$(TARGET_NAME)";
				SUPPORTED_PLATFORMS = "iphoneos iphonesimulator";
				SUPPORTS_MACCATALYST = NO;
				SWIFT_EMIT_LOC_STRINGS = YES;
				TARGETED_DEVICE_FAMILY = 1;
			};
			name = Debug;
		};
		CFGR2 /* Release */ = {
			isa = XCBuildConfiguration;
			buildSettings = {
				ASSETCATALOG_COMPILER_APPICON_NAME = AppIcon;
				CODE_SIGN_STYLE = Automatic;
				CURRENT_PROJECT_VERSION = 1;
				DEVELOPMENT_TEAM = "";
				GENERATE_INFOPLIST_FILE = NO;
				INFOPLIST_FILE = TradePlatform/Info.plist;
				INFOPLIST_KEY_UIApplicationSceneManifest_Generation = YES;
				INFOPLIST_KEY_UILaunchScreen_Generation = YES;
				LD_RUNPATH_SEARCH_PATHS = (
					"$(inherited)",
					"@executable_path/Frameworks",
				);
				MARKETING_VERSION = 1.0;
				PRODUCT_BUNDLE_IDENTIFIER = com.investment.tradeplatform;
				PRODUCT_NAME = "$(TARGET_NAME)";
				SUPPORTED_PLATFORMS = "iphoneos iphonesimulator";
				SUPPORTS_MACCATALYST = NO;
				SWIFT_EMIT_LOC_STRINGS = YES;
				TARGETED_DEVICE_FAMILY = 1;
			};
			name = Release;
		};
/* End XCBuildConfiguration section */

/* Begin XCConfigurationList section */
		CFG1 /* Build configuration list for PBXProject "TradePlatform" */ = {
			isa = XCConfigurationList;
			buildConfigurations = (
				CFGD1 /* Debug */,
				CFGR1 /* Release */,
			);
			defaultConfigurationIsVisible = 0;
			defaultConfigurationName = Release;
		};
		CFG3 /* Build configuration list for PBXNativeTarget "TradePlatform" */ = {
			isa = XCConfigurationList;
			buildConfigurations = (
				CFGD2 /* Debug */,
				CFGR2 /* Release */,
			);
			defaultConfigurationIsVisible = 0;
			defaultConfigurationName = Release;
		};
/* End XCConfigurationList section */
	};
	rootObject = PRJ1 /* Project object */;
}
